
Microsoft Visual Studio Solution File, Format Version 12.00
# Visual Studio Version 17
VisualStudioVersion = 17.14.36401.2 d17.14
MinimumVisualStudioVersion = 10.0.40219.1
Project("{FAE04EC0-301F-11D3-BF4B-00C04F79EFBC}") = "RoadsideCare", "RoadsideCare.csproj", "{14CB64C2-F90F-4F0E-8237-8C1564AC7B72}"
EndProject
Global
	GlobalSection(SolutionConfigurationPlatforms) = preSolution
		Debug|Any CPU = Debug|Any CPU
		Release|Any CPU = Release|Any CPU
	EndGlobalSection
	GlobalSection(ProjectConfigurationPlatforms) = postSolution
		{14CB64C2-F90F-4F0E-8237-8C1564AC7B72}.Debug|Any CPU.ActiveCfg = Debug|Any CPU
		{14CB64C2-F90F-4F0E-8237-8C1564AC7B72}.Debug|Any CPU.Build.0 = Debug|Any CPU
		{14CB64C2-F90F-4F0E-8237-8C1564AC7B72}.Release|Any CPU.ActiveCfg = Release|Any CPU
		{14CB64C2-F90F-4F0E-8237-8C1564AC7B72}.Release|Any CPU.Build.0 = Release|Any CPU
	EndGlobalSection
	GlobalSection(SolutionProperties) = preSolution
		HideSolutionNode = FALSE
	EndGlobalSection
	GlobalSection(ExtensibilityGlobals) = postSolution
		SolutionGuid = {D34E03D4-FFE0-46F7-AE93-684919E7ACA1}
	EndGlobalSection
EndGlobal
